// !$*UTF8*$!
{
	archiveVersion = 1;
	classes = {
	};
	objectVersion = 48;
	objects = {

/* Begin PBXBuildFile section */
		E88895D167E59CD01B74A142 /* libPods-RealMDemo.a in Frameworks */ = {isa = PBXBuildFile; fileRef = 1564FAB129D81C84043A7D61 /* libPods-RealMDemo.a */; };
		F40764972022D268004F1779 /* RLMBaseModel.m in Sources */ = {isa = PBXBuildFile; fileRef = F40764962022D267004F1779 /* RLMBaseModel.m */; };
		F407649A2022F6B3004F1779 /* UserInfoModel.m in Sources */ = {isa = PBXBuildFile; fileRef = F40764992022F6B3004F1779 /* UserInfoModel.m */; };
		F407649D202AF2E5004F1779 /* DataInfoManager.m in Sources */ = {isa = PBXBuildFile; fileRef = F407649C202AF2E5004F1779 /* DataInfoManager.m */; };
		F414BAFD1FE918C10034F8CD /* AppDelegate.m in Sources */ = {isa = PBXBuildFile; fileRef = F414BAFC1FE918C10034F8CD /* AppDelegate.m */; };
		F414BB001FE918C10034F8CD /* ViewController.m in Sources */ = {isa = PBXBuildFile; fileRef = F414BAFF1FE918C10034F8CD /* ViewController.m */; };
		F414BB031FE918C10034F8CD /* Main.storyboard in Resources */ = {isa = PBXBuildFile; fileRef = F414BB011FE918C10034F8CD /* Main.storyboard */; };
		F414BB051FE918C10034F8CD /* Assets.xcassets in Resources */ = {isa = PBXBuildFile; fileRef = F414BB041FE918C10034F8CD /* Assets.xcassets */; };
		F414BB081FE918C10034F8CD /* LaunchScreen.storyboard in Resources */ = {isa = PBXBuildFile; fileRef = F414BB061FE918C10034F8CD /* LaunchScreen.storyboard */; };
		F414BB0B1FE918C10034F8CD /* main.m in Sources */ = {isa = PBXBuildFile; fileRef = F414BB0A1FE918C10034F8CD /* main.m */; };
		F414BB151FE918C10034F8CD /* RealMDemoTests.m in Sources */ = {isa = PBXBuildFile; fileRef = F414BB141FE918C10034F8CD /* RealMDemoTests.m */; };
		F414BB201FE918C10034F8CD /* RealMDemoUITests.m in Sources */ = {isa = PBXBuildFile; fileRef = F414BB1F1FE918C10034F8CD /* RealMDemoUITests.m */; };
		F47DB65F201B1A0E00743055 /* DataBaseManager.m in Sources */ = {isa = PBXBuildFile; fileRef = F47DB658201B1A0D00743055 /* DataBaseManager.m */; };
/* End PBXBuildFile section */

/* Begin PBXContainerItemProxy section */
		F414BB111FE918C10034F8CD /* PBXContainerItemProxy */ = {
			isa = PBXContainerItemProxy;
			containerPortal = F414BAF01FE918C00034F8CD /* Project object */;
			proxyType = 1;
			remoteGlobalIDString = F414BAF71FE918C10034F8CD;
			remoteInfo = RealMDemo;
		};
		F414BB1C1FE918C10034F8CD /* PBXContainerItemProxy */ = {
			isa = PBXContainerItemProxy;
			containerPortal = F414BAF01FE918C00034F8CD /* Project object */;
			proxyType = 1;
			remoteGlobalIDString = F414BAF71FE918C10034F8CD;
			remoteInfo = RealMDemo;
		};
/* End PBXContainerItemProxy section */

/* Begin PBXFileReference section */
		1564FAB129D81C84043A7D61 /* libPods-RealMDemo.a */ = {isa = PBXFileReference; explicitFileType = archive.ar; includeInIndex = 0; path = "libPods-RealMDemo.a"; sourceTree = BUILT_PRODUCTS_DIR; };
		A7286DC13C46F19B863DF434 /* Pods-RealMDemo.debug.xcconfig */ = {isa = PBXFileReference; includeInIndex = 1; lastKnownFileType = text.xcconfig; name = "Pods-RealMDemo.debug.xcconfig"; path = "Pods/Target Support Files/Pods-RealMDemo/Pods-RealMDemo.debug.xcconfig"; sourceTree = "<group>"; };
		D24D9F8FC68527D09ED4E0F4 /* Pods-RealMDemo.release.xcconfig */ = {isa = PBXFileReference; includeInIndex = 1; lastKnownFileType = text.xcconfig; name = "Pods-RealMDemo.release.xcconfig"; path = "Pods/Target Support Files/Pods-RealMDemo/Pods-RealMDemo.release.xcconfig"; sourceTree = "<group>"; };
		F40764952022D267004F1779 /* RLMBaseModel.h */ = {isa = PBXFileReference; lastKnownFileType = sourcecode.c.h; path = RLMBaseModel.h; sourceTree = "<group>"; };
		F40764962022D267004F1779 /* RLMBaseModel.m */ = {isa = PBXFileReference; lastKnownFileType = sourcecode.c.objc; path = RLMBaseModel.m; sourceTree = "<group>"; };
		F40764982022F6B3004F1779 /* UserInfoModel.h */ = {isa = PBXFileReference; lastKnownFileType = sourcecode.c.h; path = UserInfoModel.h; sourceTree = "<group>"; };
		F40764992022F6B3004F1779 /* UserInfoModel.m */ = {isa = PBXFileReference; lastKnownFileType = sourcecode.c.objc; path = UserInfoModel.m; sourceTree = "<group>"; };
		F407649B202AF2E5004F1779 /* DataInfoManager.h */ = {isa = PBXFileReference; lastKnownFileType = sourcecode.c.h; path = DataInfoManager.h; sourceTree = "<group>"; };
		F407649C202AF2E5004F1779 /* DataInfoManager.m */ = {isa = PBXFileReference; lastKnownFileType = sourcecode.c.objc; path = DataInfoManager.m; sourceTree = "<group>"; };
		F414BAF81FE918C10034F8CD /* RealMDemo.app */ = {isa = PBXFileReference; explicitFileType = wrapper.application; includeInIndex = 0; path = RealMDemo.app; sourceTree = BUILT_PRODUCTS_DIR; };
		F414BAFB1FE918C10034F8CD /* AppDelegate.h */ = {isa = PBXFileReference; lastKnownFileType = sourcecode.c.h; path = AppDelegate.h; sourceTree = "<group>"; };
		F414BAFC1FE918C10034F8CD /* AppDelegate.m */ = {isa = PBXFileReference; lastKnownFileType = sourcecode.c.objc; path = AppDelegate.m; sourceTree = "<group>"; };
		F414BAFE1FE918C10034F8CD /* ViewController.h */ = {isa = PBXFileReference; lastKnownFileType = sourcecode.c.h; path = ViewController.h; sourceTree = "<group>"; };
		F414BAFF1FE918C10034F8CD /* ViewController.m */ = {isa = PBXFileReference; lastKnownFileType = sourcecode.c.objc; path = ViewController.m; sourceTree = "<group>"; };
		F414BB021FE918C10034F8CD /* Base */ = {isa = PBXFileReference; lastKnownFileType = file.storyboard; name = Base; path = Base.lproj/Main.storyboard; sourceTree = "<group>"; };
		F414BB041FE918C10034F8CD /* Assets.xcassets */ = {isa = PBXFileReference; lastKnownFileType = folder.assetcatalog; path = Assets.xcassets; sourceTree = "<group>"; };
		F414BB071FE918C10034F8CD /* Base */ = {isa = PBXFileReference; lastKnownFileType = file.storyboard; name = Base; path = Base.lproj/LaunchScreen.storyboard; sourceTree = "<group>"; };
		F414BB091FE918C10034F8CD /* Info.plist */ = {isa = PBXFileReference; lastKnownFileType = text.plist.xml; path = Info.plist; sourceTree = "<group>"; };
		F414BB0A1FE918C10034F8CD /* main.m */ = {isa = PBXFileReference; lastKnownFileType = sourcecode.c.objc; path = main.m; sourceTree = "<group>"; };
		F414BB101FE918C10034F8CD /* RealMDemoTests.xctest */ = {isa = PBXFileReference; explicitFileType = wrapper.cfbundle; includeInIndex = 0; path = RealMDemoTests.xctest; sourceTree = BUILT_PRODUCTS_DIR; };
		F414BB141FE918C10034F8CD /* RealMDemoTests.m */ = {isa = PBXFileReference; lastKnownFileType = sourcecode.c.objc; path = RealMDemoTests.m; sourceTree = "<group>"; };
		F414BB161FE918C10034F8CD /* Info.plist */ = {isa = PBXFileReference; lastKnownFileType = text.plist.xml; path = Info.plist; sourceTree = "<group>"; };
		F414BB1B1FE918C10034F8CD /* RealMDemoUITests.xctest */ = {isa = PBXFileReference; explicitFileType = wrapper.cfbundle; includeInIndex = 0; path = RealMDemoUITests.xctest; sourceTree = BUILT_PRODUCTS_DIR; };
		F414BB1F1FE918C10034F8CD /* RealMDemoUITests.m */ = {isa = PBXFileReference; lastKnownFileType = sourcecode.c.objc; path = RealMDemoUITests.m; sourceTree = "<group>"; };
		F414BB211FE918C10034F8CD /* Info.plist */ = {isa = PBXFileReference; lastKnownFileType = text.plist.xml; path = Info.plist; sourceTree = "<group>"; };
		F47DB658201B1A0D00743055 /* DataBaseManager.m */ = {isa = PBXFileReference; fileEncoding = 4; lastKnownFileType = sourcecode.c.objc; path = DataBaseManager.m; sourceTree = "<group>"; };
		F47DB659201B1A0D00743055 /* DataBaseManager.h */ = {isa = PBXFileReference; fileEncoding = 4; lastKnownFileType = sourcecode.c.h; path = DataBaseManager.h; sourceTree = "<group>"; };
/* End PBXFileReference section */

/* Begin PBXFrameworksBuildPhase section */
		F414BAF51FE918C10034F8CD /* Frameworks */ = {
			isa = PBXFrameworksBuildPhase;
			buildActionMask = 2147483647;
			files = (
				E88895D167E59CD01B74A142 /* libPods-RealMDemo.a in Frameworks */,
			);
			runOnlyForDeploymentPostprocessing = 0;
		};
		F414BB0D1FE918C10034F8CD /* Frameworks */ = {
			isa = PBXFrameworksBuildPhase;
			buildActionMask = 2147483647;
			files = (
			);
			runOnlyForDeploymentPostprocessing = 0;
		};
		F414BB181FE918C10034F8CD /* Frameworks */ = {
			isa = PBXFrameworksBuildPhase;
			buildActionMask = 2147483647;
			files = (
			);
			runOnlyForDeploymentPostprocessing = 0;
		};
/* End PBXFrameworksBuildPhase section */

/* Begin PBXGroup section */
		09A32FBC14A99B4B60A976AB /* Frameworks */ = {
			isa = PBXGroup;
			children = (
				1564FAB129D81C84043A7D61 /* libPods-RealMDemo.a */,
			);
			name = Frameworks;
			sourceTree = "<group>";
		};
		D2C85EBC033F5F0CC84BEBA7 /* Pods */ = {
			isa = PBXGroup;
			children = (
				A7286DC13C46F19B863DF434 /* Pods-RealMDemo.debug.xcconfig */,
				D24D9F8FC68527D09ED4E0F4 /* Pods-RealMDemo.release.xcconfig */,
			);
			name = Pods;
			sourceTree = "<group>";
		};
		F414BAEF1FE918C00034F8CD = {
			isa = PBXGroup;
			children = (
				F414BAFA1FE918C10034F8CD /* RealMDemo */,
				F414BB131FE918C10034F8CD /* RealMDemoTests */,
				F414BB1E1FE918C10034F8CD /* RealMDemoUITests */,
				F414BAF91FE918C10034F8CD /* Products */,
				D2C85EBC033F5F0CC84BEBA7 /* Pods */,
				09A32FBC14A99B4B60A976AB /* Frameworks */,
			);
			sourceTree = "<group>";
		};
		F414BAF91FE918C10034F8CD /* Products */ = {
			isa = PBXGroup;
			children = (
				F414BAF81FE918C10034F8CD /* RealMDemo.app */,
				F414BB101FE918C10034F8CD /* RealMDemoTests.xctest */,
				F414BB1B1FE918C10034F8CD /* RealMDemoUITests.xctest */,
			);
			name = Products;
			sourceTree = "<group>";
		};
		F414BAFA1FE918C10034F8CD /* RealMDemo */ = {
			isa = PBXGroup;
			children = (
				F47DB656201B1A0D00743055 /* Manager */,
				F47DB65B201B1A0E00743055 /* Models */,
				F414BAFE1FE918C10034F8CD /* ViewController.h */,
				F414BAFF1FE918C10034F8CD /* ViewController.m */,
				F414BAFB1FE918C10034F8CD /* AppDelegate.h */,
				F414BAFC1FE918C10034F8CD /* AppDelegate.m */,
				F414BB011FE918C10034F8CD /* Main.storyboard */,
				F414BB041FE918C10034F8CD /* Assets.xcassets */,
				F414BB061FE918C10034F8CD /* LaunchScreen.storyboard */,
				F414BB091FE918C10034F8CD /* Info.plist */,
				F414BB0A1FE918C10034F8CD /* main.m */,
			);
			path = RealMDemo;
			sourceTree = "<group>";
		};
		F414BB131FE918C10034F8CD /* RealMDemoTests */ = {
			isa = PBXGroup;
			children = (
				F414BB141FE918C10034F8CD /* RealMDemoTests.m */,
				F414BB161FE918C10034F8CD /* Info.plist */,
			);
			path = RealMDemoTests;
			sourceTree = "<group>";
		};
		F414BB1E1FE918C10034F8CD /* RealMDemoUITests */ = {
			isa = PBXGroup;
			children = (
				F414BB1F1FE918C10034F8CD /* RealMDemoUITests.m */,
				F414BB211FE918C10034F8CD /* Info.plist */,
			);
			path = RealMDemoUITests;
			sourceTree = "<group>";
		};
		F47DB656201B1A0D00743055 /* Manager */ = {
			isa = PBXGroup;
			children = (
				F47DB659201B1A0D00743055 /* DataBaseManager.h */,
				F47DB658201B1A0D00743055 /* DataBaseManager.m */,
				F40764952022D267004F1779 /* RLMBaseModel.h */,
				F40764962022D267004F1779 /* RLMBaseModel.m */,
				F407649B202AF2E5004F1779 /* DataInfoManager.h */,
				F407649C202AF2E5004F1779 /* DataInfoManager.m */,
			);
			path = Manager;
			sourceTree = "<group>";
		};
		F47DB65B201B1A0E00743055 /* Models */ = {
			isa = PBXGroup;
			children = (
				F40764982022F6B3004F1779 /* UserInfoModel.h */,
				F40764992022F6B3004F1779 /* UserInfoModel.m */,
			);
			path = Models;
			sourceTree = "<group>";
		};
/* End PBXGroup section */

/* Begin PBXNativeTarget section */
		F414BAF71FE918C10034F8CD /* RealMDemo */ = {
			isa = PBXNativeTarget;
			buildConfigurationList = F414BB241FE918C10034F8CD /* Build configuration list for PBXNativeTarget "RealMDemo" */;
			buildPhases = (
				E0501093347E0B2D914C87B0 /* [CP] Check Pods Manifest.lock */,
				F414BAF41FE918C10034F8CD /* Sources */,
				F414BAF51FE918C10034F8CD /* Frameworks */,
				F414BAF61FE918C10034F8CD /* Resources */,
				753B5DF744C924073F6CEE71 /* [CP] Embed Pods Frameworks */,
				F3E658B17A17CA49CADDB43F /* [CP] Copy Pods Resources */,
			);
			buildRules = (
			);
			dependencies = (
			);
			name = RealMDemo;
			productName = RealMDemo;
			productReference = F414BAF81FE918C10034F8CD /* RealMDemo.app */;
			productType = "com.apple.product-type.application";
		};
		F414BB0F1FE918C10034F8CD /* RealMDemoTests */ = {
			isa = PBXNativeTarget;
			buildConfigurationList = F414BB271FE918C10034F8CD /* Build configuration list for PBXNativeTarget "RealMDemoTests" */;
			buildPhases = (
				F414BB0C1FE918C10034F8CD /* Sources */,
				F414BB0D1FE918C10034F8CD /* Frameworks */,
				F414BB0E1FE918C10034F8CD /* Resources */,
			);
			buildRules = (
			);
			dependencies = (
				F414BB121FE918C10034F8CD /* PBXTargetDependency */,
			);
			name = RealMDemoTests;
			productName = RealMDemoTests;
			productReference = F414BB101FE918C10034F8CD /* RealMDemoTests.xctest */;
			productType = "com.apple.product-type.bundle.unit-test";
		};
		F414BB1A1FE918C10034F8CD /* RealMDemoUITests */ = {
			isa = PBXNativeTarget;
			buildConfigurationList = F414BB2A1FE918C10034F8CD /* Build configuration list for PBXNativeTarget "RealMDemoUITests" */;
			buildPhases = (
				F414BB171FE918C10034F8CD /* Sources */,
				F414BB181FE918C10034F8CD /* Frameworks */,
				F414BB191FE918C10034F8CD /* Resources */,
			);
			buildRules = (
			);
			dependencies = (
				F414BB1D1FE918C10034F8CD /* PBXTargetDependency */,
			);
			name = RealMDemoUITests;
			productName = RealMDemoUITests;
			productReference = F414BB1B1FE918C10034F8CD /* RealMDemoUITests.xctest */;
			productType = "com.apple.product-type.bundle.ui-testing";
		};
/* End PBXNativeTarget section */

/* Begin PBXProject section */
		F414BAF01FE918C00034F8CD /* Project object */ = {
			isa = PBXProject;
			attributes = {
				LastUpgradeCheck = 0920;
				ORGANIZATIONNAME = "Simon Mr";
				TargetAttributes = {
					F414BAF71FE918C10034F8CD = {
						CreatedOnToolsVersion = 9.2;
						ProvisioningStyle = Automatic;
					};
					F414BB0F1FE918C10034F8CD = {
						CreatedOnToolsVersion = 9.2;
						ProvisioningStyle = Automatic;
						TestTargetID = F414BAF71FE918C10034F8CD;
					};
					F414BB1A1FE918C10034F8CD = {
						CreatedOnToolsVersion = 9.2;
						ProvisioningStyle = Automatic;
						TestTargetID = F414BAF71FE918C10034F8CD;
					};
				};
			};
			buildConfigurationList = F414BAF31FE918C00034F8CD /* Build configuration list for PBXProject "RealMDemo" */;
			compatibilityVersion = "Xcode 8.0";
			developmentRegion = en;
			hasScannedForEncodings = 0;
			knownRegions = (
				en,
				Base,
			);
			mainGroup = F414BAEF1FE918C00034F8CD;
			productRefGroup = F414BAF91FE918C10034F8CD /* Products */;
			projectDirPath = "";
			projectRoot = "";
			targets = (
				F414BAF71FE918C10034F8CD /* RealMDemo */,
				F414BB0F1FE918C10034F8CD /* RealMDemoTests */,
				F414BB1A1FE918C10034F8CD /* RealMDemoUITests */,
			);
		};
/* End PBXProject section */

/* Begin PBXResourcesBuildPhase section */
		F414BAF61FE918C10034F8CD /* Resources */ = {
			isa = PBXResourcesBuildPhase;
			buildActionMask = 2147483647;
			files = (
				F414BB081FE918C10034F8CD /* LaunchScreen.storyboard in Resources */,
				F414BB051FE918C10034F8CD /* Assets.xcassets in Resources */,
				F414BB031FE918C10034F8CD /* Main.storyboard in Resources */,
			);
			runOnlyForDeploymentPostprocessing = 0;
		};
		F414BB0E1FE918C10034F8CD /* Resources */ = {
			isa = PBXResourcesBuildPhase;
			buildActionMask = 2147483647;
			files = (
			);
			runOnlyForDeploymentPostprocessing = 0;
		};
		F414BB191FE918C10034F8CD /* Resources */ = {
			isa = PBXResourcesBuildPhase;
			buildActionMask = 2147483647;
			files = (
			);
			runOnlyForDeploymentPostprocessing = 0;
		};
/* End PBXResourcesBuildPhase section */

/* Begin PBXShellScriptBuildPhase section */
		753B5DF744C924073F6CEE71 /* [CP] Embed Pods Frameworks */ = {
			isa = PBXShellScriptBuildPhase;
			buildActionMask = 2147483647;
			files = (
			);
			inputPaths = (
			);
			name = "[CP] Embed Pods Frameworks";
			outputPaths = (
			);
			runOnlyForDeploymentPostprocessing = 0;
			shellPath = /bin/sh;
			shellScript = "\"${SRCROOT}/Pods/Target Support Files/Pods-RealMDemo/Pods-RealMDemo-frameworks.sh\"\n";
			showEnvVarsInLog = 0;
		};
		E0501093347E0B2D914C87B0 /* [CP] Check Pods Manifest.lock */ = {
			isa = PBXShellScriptBuildPhase;
			buildActionMask = 2147483647;
			files = (
			);
			inputPaths = (
			);
			name = "[CP] Check Pods Manifest.lock";
			outputPaths = (
			);
			runOnlyForDeploymentPostprocessing = 0;
			shellPath = /bin/sh;
			shellScript = "diff \"${PODS_ROOT}/../Podfile.lock\" \"${PODS_ROOT}/Manifest.lock\" > /dev/null\nif [ $? != 0 ] ; then\n    # print error to STDERR\n    echo \"error: The sandbox is not in sync with the Podfile.lock. Run 'pod install' or update your CocoaPods installation.\" >&2\n    exit 1\nfi\n";
			showEnvVarsInLog = 0;
		};
		F3E658B17A17CA49CADDB43F /* [CP] Copy Pods Resources */ = {
			isa = PBXShellScriptBuildPhase;
			buildActionMask = 2147483647;
			files = (
			);
			inputPaths = (
			);
			name = "[CP] Copy Pods Resources";
			outputPaths = (
			);
			runOnlyForDeploymentPostprocessing = 0;
			shellPath = /bin/sh;
			shellScript = "\"${SRCROOT}/Pods/Target Support Files/Pods-RealMDemo/Pods-RealMDemo-resources.sh\"\n";
			showEnvVarsInLog = 0;
		};
/* End PBXShellScriptBuildPhase section */

/* Begin PBXSourcesBuildPhase section */
		F414BAF41FE918C10034F8CD /* Sources */ = {
			isa = PBXSourcesBuildPhase;
			buildActionMask = 2147483647;
			files = (
				F40764972022D268004F1779 /* RLMBaseModel.m in Sources */,
				F414BB001FE918C10034F8CD /* ViewController.m in Sources */,
				F407649A2022F6B3004F1779 /* UserInfoModel.m in Sources */,
				F407649D202AF2E5004F1779 /* DataInfoManager.m in Sources */,
				F414BB0B1FE918C10034F8CD /* main.m in Sources */,
				F414BAFD1FE918C10034F8CD /* AppDelegate.m in Sources */,
				F47DB65F201B1A0E00743055 /* DataBaseManager.m in Sources */,
			);
			runOnlyForDeploymentPostprocessing = 0;
		};
		F414BB0C1FE918C10034F8CD /* Sources */ = {
			isa = PBXSourcesBuildPhase;
			buildActionMask = 2147483647;
			files = (
				F414BB151FE918C10034F8CD /* RealMDemoTests.m in Sources */,
			);
			runOnlyForDeploymentPostprocessing = 0;
		};
		F414BB171FE918C10034F8CD /* Sources */ = {
			isa = PBXSourcesBuildPhase;
			buildActionMask = 2147483647;
			files = (
				F414BB201FE918C10034F8CD /* RealMDemoUITests.m in Sources */,
			);
			runOnlyForDeploymentPostprocessing = 0;
		};
/* End PBXSourcesBuildPhase section */

/* Begin PBXTargetDependency section */
		F414BB121FE918C10034F8CD /* PBXTargetDependency */ = {
			isa = PBXTargetDependency;
			target = F414BAF71FE918C10034F8CD /* RealMDemo */;
			targetProxy = F414BB111FE918C10034F8CD /* PBXContainerItemProxy */;
		};
		F414BB1D1FE918C10034F8CD /* PBXTargetDependency */ = {
			isa = PBXTargetDependency;
			target = F414BAF71FE918C10034F8CD /* RealMDemo */;
			targetProxy = F414BB1C1FE918C10034F8CD /* PBXContainerItemProxy */;
		};
/* End PBXTargetDependency section */

/* Begin PBXVariantGroup section */
		F414BB011FE918C10034F8CD /* Main.storyboard */ = {
			isa = PBXVariantGroup;
			children = (
				F414BB021FE918C10034F8CD /* Base */,
			);
			name = Main.storyboard;
			sourceTree = "<group>";
		};
		F414BB061FE918C10034F8CD /* LaunchScreen.storyboard */ = {
			isa = PBXVariantGroup;
			children = (
				F414BB071FE918C10034F8CD /* Base */,
			);
			name = LaunchScreen.storyboard;
			sourceTree = "<group>";
		};
/* End PBXVariantGroup section */

/* Begin XCBuildConfiguration section */
		F414BB221FE918C10034F8CD /* Debug */ = {
			isa = XCBuildConfiguration;
			buildSettings = {
				ALWAYS_SEARCH_USER_PATHS = NO;
				CLANG_ANALYZER_NONNULL = YES;
				CLANG_ANALYZER_NUMBER_OBJECT_CONVERSION = YES_AGGRESSIVE;
				CLANG_CXX_LANGUAGE_STANDARD = "gnu++14";
				CLANG_CXX_LIBRARY = "libc++";
				CLANG_ENABLE_MODULES = YES;
				CLANG_ENABLE_OBJC_ARC = YES;
				CLANG_WARN_BLOCK_CAPTURE_AUTORELEASING = YES;
				CLANG_WARN_BOOL_CONVERSION = YES;
				CLANG_WARN_COMMA = YES;
				CLANG_WARN_CONSTANT_CONVERSION = YES;
				CLANG_WARN_DIRECT_OBJC_ISA_USAGE = YES_ERROR;
				CLANG_WARN_DOCUMENTATION_COMMENTS = YES;
				CLANG_WARN_EMPTY_BODY = YES;
				CLANG_WARN_ENUM_CONVERSION = YES;
				CLANG_WARN_INFINITE_RECURSION = YES;
				CLANG_WARN_INT_CONVERSION = YES;
				CLANG_WARN_NON_LITERAL_NULL_CONVERSION = YES;
				CLANG_WARN_OBJC_LITERAL_CONVERSION = YES;
				CLANG_WARN_OBJC_ROOT_CLASS = YES_ERROR;
				CLANG_WARN_RANGE_LOOP_ANALYSIS = YES;
				CLANG_WARN_STRICT_PROTOTYPES = YES;
				CLANG_WARN_SUSPICIOUS_MOVE = YES;
				CLANG_WARN_UNGUARDED_AVAILABILITY = YES_AGGRESSIVE;
				CLANG_WARN_UNREACHABLE_CODE = YES;
				CLANG_WARN__DUPLICATE_METHOD_MATCH = YES;
				CODE_SIGN_IDENTITY = "iPhone Developer";
				COPY_PHASE_STRIP = NO;
				DEBUG_INFORMATION_FORMAT = dwarf;
				ENABLE_STRICT_OBJC_MSGSEND = YES;
				ENABLE_TESTABILITY = YES;
				GCC_C_LANGUAGE_STANDARD = gnu11;
				GCC_DYNAMIC_NO_PIC = NO;
				GCC_NO_COMMON_BLOCKS = YES;
				GCC_OPTIMIZATION_LEVEL = 0;
				GCC_PREPROCESSOR_DEFINITIONS = (
					"DEBUG=1",
					"$(inherited)",
				);
				GCC_WARN_64_TO_32_BIT_CONVERSION = YES;
				GCC_WARN_ABOUT_RETURN_TYPE = YES_ERROR;
				GCC_WARN_UNDECLARED_SELECTOR = YES;
				GCC_WARN_UNINITIALIZED_AUTOS = YES_AGGRESSIVE;
				GCC_WARN_UNUSED_FUNCTION = YES;
				GCC_WARN_UNUSED_VARIABLE = YES;
				IPHONEOS_DEPLOYMENT_TARGET = 11.2;
				MTL_ENABLE_DEBUG_INFO = YES;
				ONLY_ACTIVE_ARCH = YES;
				SDKROOT = iphoneos;
			};
			name = Debug;
		};
		F414BB231FE918C10034F8CD /* Release */ = {
			isa = XCBuildConfiguration;
			buildSettings = {
				ALWAYS_SEARCH_USER_PATHS = NO;
				CLANG_ANALYZER_NONNULL = YES;
				CLANG_ANALYZER_NUMBER_OBJECT_CONVERSION = YES_AGGRESSIVE;
				CLANG_CXX_LANGUAGE_STANDARD = "gnu++14";
				CLANG_CXX_LIBRARY = "libc++";
				CLANG_ENABLE_MODULES = YES;
				CLANG_ENABLE_OBJC_ARC = YES;
				CLANG_WARN_BLOCK_CAPTURE_AUTORELEASING = YES;
				CLANG_WARN_BOOL_CONVERSION = YES;
				CLANG_WARN_COMMA = YES;
				CLANG_WARN_CONSTANT_CONVERSION = YES;
				CLANG_WARN_DIRECT_OBJC_ISA_USAGE = YES_ERROR;
				CLANG_WARN_DOCUMENTATION_COMMENTS = YES;
				CLANG_WARN_EMPTY_BODY = YES;
				CLANG_WARN_ENUM_CONVERSION = YES;
				CLANG_WARN_INFINITE_RECURSION = YES;
				CLANG_WARN_INT_CONVERSION = YES;
				CLANG_WARN_NON_LITERAL_NULL_CONVERSION = YES;
				CLANG_WARN_OBJC_LITERAL_CONVERSION = YES;
				CLANG_WARN_OBJC_ROOT_CLASS = YES_ERROR;
				CLANG_WARN_RANGE_LOOP_ANALYSIS = YES;
				CLANG_WARN_STRICT_PROTOTYPES = YES;
				CLANG_WARN_SUSPICIOUS_MOVE = YES;
				CLANG_WARN_UNGUARDED_AVAILABILITY = YES_AGGRESSIVE;
				CLANG_WARN_UNREACHABLE_CODE = YES;
				CLANG_WARN__DUPLICATE_METHOD_MATCH = YES;
				CODE_SIGN_IDENTITY = "iPhone Developer";
				COPY_PHASE_STRIP = NO;
				DEBUG_INFORMATION_FORMAT = "dwarf-with-dsym";
				ENABLE_NS_ASSERTIONS = NO;
				ENABLE_STRICT_OBJC_MSGSEND = YES;
				GCC_C_LANGUAGE_STANDARD = gnu11;
				GCC_NO_COMMON_BLOCKS = YES;
				GCC_WARN_64_TO_32_BIT_CONVERSION = YES;
				GCC_WARN_ABOUT_RETURN_TYPE = YES_ERROR;
				GCC_WARN_UNDECLARED_SELECTOR = YES;
				GCC_WARN_UNINITIALIZED_AUTOS = YES_AGGRESSIVE;
				GCC_WARN_UNUSED_FUNCTION = YES;
				GCC_WARN_UNUSED_VARIABLE = YES;
				IPHONEOS_DEPLOYMENT_TARGET = 11.2;
				MTL_ENABLE_DEBUG_INFO = NO;
				SDKROOT = iphoneos;
				VALIDATE_PRODUCT = YES;
			};
			name = Release;
		};
		F414BB251FE918C10034F8CD /* Debug */ = {
			isa = XCBuildConfiguration;
			baseConfigurationReference = A7286DC13C46F19B863DF434 /* Pods-RealMDemo.debug.xcconfig */;
			buildSettings = {
				ASSETCATALOG_COMPILER_APPICON_NAME = AppIcon;
				CODE_SIGN_STYLE = Automatic;
				DEVELOPMENT_TEAM = WUYBDW5S2E;
				INFOPLIST_FILE = RealMDemo/Info.plist;
				LD_RUNPATH_SEARCH_PATHS = "$(inherited) @executable_path/Frameworks";
				PRODUCT_BUNDLE_IDENTIFIER = com.simple.RealMDemo;
				PRODUCT_NAME = "$(TARGET_NAME)";
				TARGETED_DEVICE_FAMILY = "1,2";
			};
			name = Debug;
		};
		F414BB261FE918C10034F8CD /* Release */ = {
			isa = XCBuildConfiguration;
			baseConfigurationReference = D24D9F8FC68527D09ED4E0F4 /* Pods-RealMDemo.release.xcconfig */;
			buildSettings = {
				ASSETCATALOG_COMPILER_APPICON_NAME = AppIcon;
				CODE_SIGN_STYLE = Automatic;
				DEVELOPMENT_TEAM = WUYBDW5S2E;
				INFOPLIST_FILE = RealMDemo/Info.plist;
				LD_RUNPATH_SEARCH_PATHS = "$(inherited) @executable_path/Frameworks";
				PRODUCT_BUNDLE_IDENTIFIER = com.simple.RealMDemo;
				PRODUCT_NAME = "$(TARGET_NAME)";
				TARGETED_DEVICE_FAMILY = "1,2";
			};
			name = Release;
		};
		F414BB281FE918C10034F8CD /* Debug */ = {
			isa = XCBuildConfiguration;
			buildSettings = {
				BUNDLE_LOADER = "$(TEST_HOST)";
				CODE_SIGN_STYLE = Automatic;
				INFOPLIST_FILE = RealMDemoTests/Info.plist;
				LD_RUNPATH_SEARCH_PATHS = "$(inherited) @executable_path/Frameworks @loader_path/Frameworks";
				PRODUCT_BUNDLE_IDENTIFIER = com.simple.RealMDemoTests;
				PRODUCT_NAME = "$(TARGET_NAME)";
				TARGETED_DEVICE_FAMILY = "1,2";
				TEST_HOST = "$(BUILT_PRODUCTS_DIR)/RealMDemo.app/RealMDemo";
			};
			name = Debug;
		};
		F414BB291FE918C10034F8CD /* Release */ = {
			isa = XCBuildConfiguration;
			buildSettings = {
				BUNDLE_LOADER = "$(TEST_HOST)";
				CODE_SIGN_STYLE = Automatic;
				INFOPLIST_FILE = RealMDemoTests/Info.plist;
				LD_RUNPATH_SEARCH_PATHS = "$(inherited) @executable_path/Frameworks @loader_path/Frameworks";
				PRODUCT_BUNDLE_IDENTIFIER = com.simple.RealMDemoTests;
				PRODUCT_NAME = "$(TARGET_NAME)";
				TARGETED_DEVICE_FAMILY = "1,2";
				TEST_HOST = "$(BUILT_PRODUCTS_DIR)/RealMDemo.app/RealMDemo";
			};
			name = Release;
		};
		F414BB2B1FE918C10034F8CD /* Debug */ = {
			isa = XCBuildConfiguration;
			buildSettings = {
				CODE_SIGN_STYLE = Automatic;
				INFOPLIST_FILE = RealMDemoUITests/Info.plist;
				LD_RUNPATH_SEARCH_PATHS = "$(inherited) @executable_path/Frameworks @loader_path/Frameworks";
				PRODUCT_BUNDLE_IDENTIFIER = com.simple.RealMDemoUITests;
				PRODUCT_NAME = "$(TARGET_NAME)";
				TARGETED_DEVICE_FAMILY = "1,2";
				TEST_TARGET_NAME = RealMDemo;
			};
			name = Debug;
		};
		F414BB2C1FE918C10034F8CD /* Release */ = {
			isa = XCBuildConfiguration;
			buildSettings = {
				CODE_SIGN_STYLE = Automatic;
				INFOPLIST_FILE = RealMDemoUITests/Info.plist;
				LD_RUNPATH_SEARCH_PATHS = "$(inherited) @executable_path/Frameworks @loader_path/Frameworks";
				PRODUCT_BUNDLE_IDENTIFIER = com.simple.RealMDemoUITests;
				PRODUCT_NAME = "$(TARGET_NAME)";
				TARGETED_DEVICE_FAMILY = "1,2";
				TEST_TARGET_NAME = RealMDemo;
			};
			name = Release;
		};
/* End XCBuildConfiguration section */

/* Begin XCConfigurationList section */
		F414BAF31FE918C00034F8CD /* Build configuration list for PBXProject "RealMDemo" */ = {
			isa = XCConfigurationList;
			buildConfigurations = (
				F414BB221FE918C10034F8CD /* Debug */,
				F414BB231FE918C10034F8CD /* Release */,
			);
			defaultConfigurationIsVisible = 0;
			defaultConfigurationName = Release;
		};
		F414BB241FE918C10034F8CD /* Build configuration list for PBXNativeTarget "RealMDemo" */ = {
			isa = XCConfigurationList;
			buildConfigurations = (
				F414BB251FE918C10034F8CD /* Debug */,
				F414BB261FE918C10034F8CD /* Release */,
			);
			defaultConfigurationIsVisible = 0;
			defaultConfigurationName = Release;
		};
		F414BB271FE918C10034F8CD /* Build configuration list for PBXNativeTarget "RealMDemoTests" */ = {
			isa = XCConfigurationList;
			buildConfigurations = (
				F414BB281FE918C10034F8CD /* Debug */,
				F414BB291FE918C10034F8CD /* Release */,
			);
			defaultConfigurationIsVisible = 0;
			defaultConfigurationName = Release;
		};
		F414BB2A1FE918C10034F8CD /* Build configuration list for PBXNativeTarget "RealMDemoUITests" */ = {
			isa = XCConfigurationList;
			buildConfigurations = (
				F414BB2B1FE918C10034F8CD /* Debug */,
				F414BB2C1FE918C10034F8CD /* Release */,
			);
			defaultConfigurationIsVisible = 0;
			defaultConfigurationName = Release;
		};
/* End XCConfigurationList section */
	};
	rootObject = F414BAF01FE918C00034F8CD /* Project object */;
}
